// !$*UTF8*$!
{
	archiveVersion = 1;
	classes = {
	};
	objectVersion = 56;
	objects = {

/* Begin PBXBuildFile section */
		3E427036291CC2FA00FABD23 /* FruitDetailView.swift in Sources */ = {isa = PBXBuildFile; fileRef = 3E427035291CC2FA00FABD23 /* FruitDetailView.swift */; };
		3E427038291CC89600FABD23 /* FruitHeaderView.swift in Sources */ = {isa = PBXBuildFile; fileRef = 3E427037291CC89600FABD23 /* FruitHeaderView.swift */; };
		3E42703A291CCCFF00FABD23 /* SourceLinkView.swift in Sources */ = {isa = PBXBuildFile; fileRef = 3E427039291CCCFF00FABD23 /* SourceLinkView.swift */; };
		3E70CEEB291B97FD005CF07D /* FruitModel.swift in Sources */ = {isa = PBXBuildFile; fileRef = 3E70CEEA291B97FD005CF07D /* FruitModel.swift */; };
		3E70CEEE291B9964005CF07D /* FruitData.swift in Sources */ = {isa = PBXBuildFile; fileRef = 3E70CEED291B9964005CF07D /* FruitData.swift */; };
		3E976B9B291A3DD500730339 /* FruitsApp.swift in Sources */ = {isa = PBXBuildFile; fileRef = 3E976B9A291A3DD500730339 /* FruitsApp.swift */; };
		3E976B9D291A3DD500730339 /* ContentView.swift in Sources */ = {isa = PBXBuildFile; fileRef = 3E976B9C291A3DD500730339 /* ContentView.swift */; };
		3E976B9F291A3DD700730339 /* Assets.xcassets in Resources */ = {isa = PBXBuildFile; fileRef = 3E976B9E291A3DD700730339 /* Assets.xcassets */; };
		3E976BA2291A3DD700730339 /* Preview Assets.xcassets in Resources */ = {isa = PBXBuildFile; fileRef = 3E976BA1291A3DD700730339 /* Preview Assets.xcassets */; };
		3E976BAD291A422300730339 /* FruitCardView.swift in Sources */ = {isa = PBXBuildFile; fileRef = 3E976BAC291A422300730339 /* FruitCardView.swift */; };
		3E976BAF291A496500730339 /* StartButtonView.swift in Sources */ = {isa = PBXBuildFile; fileRef = 3E976BAE291A496500730339 /* StartButtonView.swift */; };
		3E976BB3291B950500730339 /* OnboardingView.swift in Sources */ = {isa = PBXBuildFile; fileRef = 3E976BB2291B950500730339 /* OnboardingView.swift */; };
		3E987F56291CD602005135D0 /* FruitNutrientsView.swift in Sources */ = {isa = PBXBuildFile; fileRef = 3E987F55291CD602005135D0 /* FruitNutrientsView.swift */; };
		3E987F58291CDBF0005135D0 /* SettingsView.swift in Sources */ = {isa = PBXBuildFile; fileRef = 3E987F57291CDBF0005135D0 /* SettingsView.swift */; };
		3E987F5A291CE76A005135D0 /* SettingsLabelView.swift in Sources */ = {isa = PBXBuildFile; fileRef = 3E987F59291CE76A005135D0 /* SettingsLabelView.swift */; };
		3EC11EA6291C9F920072073D /* FruitRowView.swift in Sources */ = {isa = PBXBuildFile; fileRef = 3EC11EA5291C9F920072073D /* FruitRowView.swift */; };
/* End PBXBuildFile section */

/* Begin PBXFileReference section */
		3E427035291CC2FA00FABD23 /* FruitDetailView.swift */ = {isa = PBXFileReference; lastKnownFileType = sourcecode.swift; path = FruitDetailView.swift; sourceTree = "<group>"; };
		3E427037291CC89600FABD23 /* FruitHeaderView.swift */ = {isa = PBXFileReference; lastKnownFileType = sourcecode.swift; path = FruitHeaderView.swift; sourceTree = "<group>"; };
		3E427039291CCCFF00FABD23 /* SourceLinkView.swift */ = {isa = PBXFileReference; lastKnownFileType = sourcecode.swift; path = SourceLinkView.swift; sourceTree = "<group>"; };
		3E70CEEA291B97FD005CF07D /* FruitModel.swift */ = {isa = PBXFileReference; lastKnownFileType = sourcecode.swift; path = FruitModel.swift; sourceTree = "<group>"; };
		3E70CEED291B9964005CF07D /* FruitData.swift */ = {isa = PBXFileReference; lastKnownFileType = sourcecode.swift; path = FruitData.swift; sourceTree = "<group>"; };
		3E976B97291A3DD500730339 /* Fruits.app */ = {isa = PBXFileReference; explicitFileType = wrapper.application; includeInIndex = 0; path = Fruits.app; sourceTree = BUILT_PRODUCTS_DIR; };
		3E976B9A291A3DD500730339 /* FruitsApp.swift */ = {isa = PBXFileReference; lastKnownFileType = sourcecode.swift; path = FruitsApp.swift; sourceTree = "<group>"; };
		3E976B9C291A3DD500730339 /* ContentView.swift */ = {isa = PBXFileReference; lastKnownFileType = sourcecode.swift; path = ContentView.swift; sourceTree = "<group>"; };
		3E976B9E291A3DD700730339 /* Assets.xcassets */ = {isa = PBXFileReference; lastKnownFileType = folder.assetcatalog; path = Assets.xcassets; sourceTree = "<group>"; };
		3E976BA1291A3DD700730339 /* Preview Assets.xcassets */ = {isa = PBXFileReference; lastKnownFileType = folder.assetcatalog; path = "Preview Assets.xcassets"; sourceTree = "<group>"; };
		3E976BAC291A422300730339 /* FruitCardView.swift */ = {isa = PBXFileReference; lastKnownFileType = sourcecode.swift; path = FruitCardView.swift; sourceTree = "<group>"; };
		3E976BAE291A496500730339 /* StartButtonView.swift */ = {isa = PBXFileReference; lastKnownFileType = sourcecode.swift; path = StartButtonView.swift; sourceTree = "<group>"; };
		3E976BB2291B950500730339 /* OnboardingView.swift */ = {isa = PBXFileReference; lastKnownFileType = sourcecode.swift; path = OnboardingView.swift; sourceTree = "<group>"; };
		3E987F55291CD602005135D0 /* FruitNutrientsView.swift */ = {isa = PBXFileReference; lastKnownFileType = sourcecode.swift; path = FruitNutrientsView.swift; sourceTree = "<group>"; };
		3E987F57291CDBF0005135D0 /* SettingsView.swift */ = {isa = PBXFileReference; lastKnownFileType = sourcecode.swift; path = SettingsView.swift; sourceTree = "<group>"; };
		3E987F59291CE76A005135D0 /* SettingsLabelView.swift */ = {isa = PBXFileReference; lastKnownFileType = sourcecode.swift; path = SettingsLabelView.swift; sourceTree = "<group>"; };
		3EC11EA5291C9F920072073D /* FruitRowView.swift */ = {isa = PBXFileReference; lastKnownFileType = sourcecode.swift; path = FruitRowView.swift; sourceTree = "<group>"; };
/* End PBXFileReference section */

/* Begin PBXFrameworksBuildPhase section */
		3E976B94291A3DD500730339 /* Frameworks */ = {
			isa = PBXFrameworksBuildPhase;
			buildActionMask = 2147483647;
			files = (
			);
			runOnlyForDeploymentPostprocessing = 0;
		};
/* End PBXFrameworksBuildPhase section */

/* Begin PBXGroup section */
		3E70CEE9291B97D3005CF07D /* Model */ = {
			isa = PBXGroup;
			children = (
				3E70CEEA291B97FD005CF07D /* FruitModel.swift */,
			);
			path = Model;
			sourceTree = "<group>";
		};
		3E70CEEC291B9949005CF07D /* Data */ = {
			isa = PBXGroup;
			children = (
				3E70CEED291B9964005CF07D /* FruitData.swift */,
			);
			path = Data;
			sourceTree = "<group>";
		};
		3E976B8E291A3DD500730339 = {
			isa = PBXGroup;
			children = (
				3E976B99291A3DD500730339 /* Fruits */,
				3E976B98291A3DD500730339 /* Products */,
			);
			sourceTree = "<group>";
		};
		3E976B98291A3DD500730339 /* Products */ = {
			isa = PBXGroup;
			children = (
				3E976B97291A3DD500730339 /* Fruits.app */,
			);
			name = Products;
			sourceTree = "<group>";
		};
		3E976B99291A3DD500730339 /* Fruits */ = {
			isa = PBXGroup;
			children = (
				3E70CEEC291B9949005CF07D /* Data */,
				3E70CEE9291B97D3005CF07D /* Model */,
				3E976BAB291A41FF00730339 /* view */,
				3E976BAA291A415F00730339 /* App */,
				3E976B9E291A3DD700730339 /* Assets.xcassets */,
				3E976BA0291A3DD700730339 /* Preview Content */,
			);
			path = Fruits;
			sourceTree = "<group>";
		};
		3E976BA0291A3DD700730339 /* Preview Content */ = {
			isa = PBXGroup;
			children = (
				3E976BA1291A3DD700730339 /* Preview Assets.xcassets */,
			);
			path = "Preview Content";
			sourceTree = "<group>";
		};
		3E976BAA291A415F00730339 /* App */ = {
			isa = PBXGroup;
			children = (
				3E976B9A291A3DD500730339 /* FruitsApp.swift */,
				3E976B9C291A3DD500730339 /* ContentView.swift */,
				3E976BB2291B950500730339 /* OnboardingView.swift */,
				3E427035291CC2FA00FABD23 /* FruitDetailView.swift */,
				3E987F57291CDBF0005135D0 /* SettingsView.swift */,
			);
			path = App;
			sourceTree = "<group>";
		};
		3E976BAB291A41FF00730339 /* view */ = {
			isa = PBXGroup;
			children = (
				3E976BAC291A422300730339 /* FruitCardView.swift */,
				3E976BAE291A496500730339 /* StartButtonView.swift */,
				3EC11EA5291C9F920072073D /* FruitRowView.swift */,
				3E427037291CC89600FABD23 /* FruitHeaderView.swift */,
				3E427039291CCCFF00FABD23 /* SourceLinkView.swift */,
				3E987F55291CD602005135D0 /* FruitNutrientsView.swift */,
				3E987F59291CE76A005135D0 /* SettingsLabelView.swift */,
			);
			path = view;
			sourceTree = "<group>";
		};
/* End PBXGroup section */

/* Begin PBXNativeTarget section */
		3E976B96291A3DD500730339 /* Fruits */ = {
			isa = PBXNativeTarget;
			buildConfigurationList = 3E976BA5291A3DD700730339 /* Build configuration list for PBXNativeTarget "Fruits" */;
			buildPhases = (
				3E976B93291A3DD500730339 /* Sources */,
				3E976B94291A3DD500730339 /* Frameworks */,
				3E976B95291A3DD500730339 /* Resources */,
			);
			buildRules = (
			);
			dependencies = (
			);
			name = Fruits;
			productName = Fruts;
			productReference = 3E976B97291A3DD500730339 /* Fruits.app */;
			productType = "com.apple.product-type.application";
		};
/* End PBXNativeTarget section */

/* Begin PBXProject section */
		3E976B8F291A3DD500730339 /* Project object */ = {
			isa = PBXProject;
			attributes = {
				BuildIndependentTargetsInParallel = 1;
				LastSwiftUpdateCheck = 1410;
				LastUpgradeCheck = 1410;
				TargetAttributes = {
					3E976B96291A3DD500730339 = {
						CreatedOnToolsVersion = 14.1;
					};
				};
			};
			buildConfigurationList = 3E976B92291A3DD500730339 /* Build configuration list for PBXProject "Fruits" */;
			compatibilityVersion = "Xcode 14.0";
			developmentRegion = en;
			hasScannedForEncodings = 0;
			knownRegions = (
				en,
				Base,
			);
			mainGroup = 3E976B8E291A3DD500730339;
			productRefGroup = 3E976B98291A3DD500730339 /* Products */;
			projectDirPath = "";
			projectRoot = "";
			targets = (
				3E976B96291A3DD500730339 /* Fruits */,
			);
		};
/* End PBXProject section */

/* Begin PBXResourcesBuildPhase section */
		3E976B95291A3DD500730339 /* Resources */ = {
			isa = PBXResourcesBuildPhase;
			buildActionMask = 2147483647;
			files = (
				3E976BA2291A3DD700730339 /* Preview Assets.xcassets in Resources */,
				3E976B9F291A3DD700730339 /* Assets.xcassets in Resources */,
			);
			runOnlyForDeploymentPostprocessing = 0;
		};
/* End PBXResourcesBuildPhase section */

/* Begin PBXSourcesBuildPhase section */
		3E976B93291A3DD500730339 /* Sources */ = {
			isa = PBXSourcesBuildPhase;
			buildActionMask = 2147483647;
			files = (
				3E70CEEE291B9964005CF07D /* FruitData.swift in Sources */,
				3E42703A291CCCFF00FABD23 /* SourceLinkView.swift in Sources */,
				3E976BAD291A422300730339 /* FruitCardView.swift in Sources */,
				3EC11EA6291C9F920072073D /* FruitRowView.swift in Sources */,
				3E987F56291CD602005135D0 /* FruitNutrientsView.swift in Sources */,
				3E976BAF291A496500730339 /* StartButtonView.swift in Sources */,
				3E427036291CC2FA00FABD23 /* FruitDetailView.swift in Sources */,
				3E976B9D291A3DD500730339 /* ContentView.swift in Sources */,
				3E427038291CC89600FABD23 /* FruitHeaderView.swift in Sources */,
				3E976BB3291B950500730339 /* OnboardingView.swift in Sources */,
				3E987F5A291CE76A005135D0 /* SettingsLabelView.swift in Sources */,
				3E70CEEB291B97FD005CF07D /* FruitModel.swift in Sources */,
				3E976B9B291A3DD500730339 /* FruitsApp.swift in Sources */,
				3E987F58291CDBF0005135D0 /* SettingsView.swift in Sources */,
			);
			runOnlyForDeploymentPostprocessing = 0;
		};
/* End PBXSourcesBuildPhase section */

/* Begin XCBuildConfiguration section */
		3E976BA3291A3DD700730339 /* Debug */ = {
			isa = XCBuildConfiguration;
			buildSettings = {
				ALWAYS_SEARCH_USER_PATHS = NO;
				CLANG_ANALYZER_NONNULL = YES;
				CLANG_ANALYZER_NUMBER_OBJECT_CONVERSION = YES_AGGRESSIVE;
				CLANG_CXX_LANGUAGE_STANDARD = "gnu++20";
				CLANG_ENABLE_MODULES = YES;
				CLANG_ENABLE_OBJC_ARC = YES;
				CLANG_ENABLE_OBJC_WEAK = YES;
				CLANG_WARN_BLOCK_CAPTURE_AUTORELEASING = YES;
				CLANG_WARN_BOOL_CONVERSION = YES;
				CLANG_WARN_COMMA = YES;
				CLANG_WARN_CONSTANT_CONVERSION = YES;
				CLANG_WARN_DEPRECATED_OBJC_IMPLEMENTATIONS = YES;
				CLANG_WARN_DIRECT_OBJC_ISA_USAGE = YES_ERROR;
				CLANG_WARN_DOCUMENTATION_COMMENTS = YES;
				CLANG_WARN_EMPTY_BODY = YES;
				CLANG_WARN_ENUM_CONVERSION = YES;
				CLANG_WARN_INFINITE_RECURSION = YES;
				CLANG_WARN_INT_CONVERSION = YES;
				CLANG_WARN_NON_LITERAL_NULL_CONVERSION = YES;
				CLANG_WARN_OBJC_IMPLICIT_RETAIN_SELF = YES;
				CLANG_WARN_OBJC_LITERAL_CONVERSION = YES;
				CLANG_WARN_OBJC_ROOT_CLASS = YES_ERROR;
				CLANG_WARN_QUOTED_INCLUDE_IN_FRAMEWORK_HEADER = YES;
				CLANG_WARN_RANGE_LOOP_ANALYSIS = YES;
				CLANG_WARN_STRICT_PROTOTYPES = YES;
				CLANG_WARN_SUSPICIOUS_MOVE = YES;
				CLANG_WARN_UNGUARDED_AVAILABILITY = YES_AGGRESSIVE;
				CLANG_WARN_UNREACHABLE_CODE = YES;
				CLANG_WARN__DUPLICATE_METHOD_MATCH = YES;
				COPY_PHASE_STRIP = NO;
				DEBUG_INFORMATION_FORMAT = dwarf;
				ENABLE_STRICT_OBJC_MSGSEND = YES;
				ENABLE_TESTABILITY = YES;
				GCC_C_LANGUAGE_STANDARD = gnu11;
				GCC_DYNAMIC_NO_PIC = NO;
				GCC_NO_COMMON_BLOCKS = YES;
				GCC_OPTIMIZATION_LEVEL = 0;
				GCC_PREPROCESSOR_DEFINITIONS = (
					"DEBUG=1",
					"$(inherited)",
				);
				GCC_WARN_64_TO_32_BIT_CONVERSION = YES;
				GCC_WARN_ABOUT_RETURN_TYPE = YES_ERROR;
				GCC_WARN_UNDECLARED_SELECTOR = YES;
				GCC_WARN_UNINITIALIZED_AUTOS = YES_AGGRESSIVE;
				GCC_WARN_UNUSED_FUNCTION = YES;
				GCC_WARN_UNUSED_VARIABLE = YES;
				IPHONEOS_DEPLOYMENT_TARGET = 16.1;
				MTL_ENABLE_DEBUG_INFO = INCLUDE_SOURCE;
				MTL_FAST_MATH = YES;
				ONLY_ACTIVE_ARCH = YES;
				SDKROOT = iphoneos;
				SWIFT_ACTIVE_COMPILATION_CONDITIONS = DEBUG;
				SWIFT_OPTIMIZATION_LEVEL = "-Onone";
			};
			name = Debug;
		};
		3E976BA4291A3DD700730339 /* Release */ = {
			isa = XCBuildConfiguration;
			buildSettings = {
				ALWAYS_SEARCH_USER_PATHS = NO;
				CLANG_ANALYZER_NONNULL = YES;
				CLANG_ANALYZER_NUMBER_OBJECT_CONVERSION = YES_AGGRESSIVE;
				CLANG_CXX_LANGUAGE_STANDARD = "gnu++20";
				CLANG_ENABLE_MODULES = YES;
				CLANG_ENABLE_OBJC_ARC = YES;
				CLANG_ENABLE_OBJC_WEAK = YES;
				CLANG_WARN_BLOCK_CAPTURE_AUTORELEASING = YES;
				CLANG_WARN_BOOL_CONVERSION = YES;
				CLANG_WARN_COMMA = YES;
				CLANG_WARN_CONSTANT_CONVERSION = YES;
				CLANG_WARN_DEPRECATED_OBJC_IMPLEMENTATIONS = YES;
				CLANG_WARN_DIRECT_OBJC_ISA_USAGE = YES_ERROR;
				CLANG_WARN_DOCUMENTATION_COMMENTS = YES;
				CLANG_WARN_EMPTY_BODY = YES;
				CLANG_WARN_ENUM_CONVERSION = YES;
				CLANG_WARN_INFINITE_RECURSION = YES;
				CLANG_WARN_INT_CONVERSION = YES;
				CLANG_WARN_NON_LITERAL_NULL_CONVERSION = YES;
				CLANG_WARN_OBJC_IMPLICIT_RETAIN_SELF = YES;
				CLANG_WARN_OBJC_LITERAL_CONVERSION = YES;
				CLANG_WARN_OBJC_ROOT_CLASS = YES_ERROR;
				CLANG_WARN_QUOTED_INCLUDE_IN_FRAMEWORK_HEADER = YES;
				CLANG_WARN_RANGE_LOOP_ANALYSIS = YES;
				CLANG_WARN_STRICT_PROTOTYPES = YES;
				CLANG_WARN_SUSPICIOUS_MOVE = YES;
				CLANG_WARN_UNGUARDED_AVAILABILITY = YES_AGGRESSIVE;
				CLANG_WARN_UNREACHABLE_CODE = YES;
				CLANG_WARN__DUPLICATE_METHOD_MATCH = YES;
				COPY_PHASE_STRIP = NO;
				DEBUG_INFORMATION_FORMAT = "dwarf-with-dsym";
				ENABLE_NS_ASSERTIONS = NO;
				ENABLE_STRICT_OBJC_MSGSEND = YES;
				GCC_C_LANGUAGE_STANDARD = gnu11;
				GCC_NO_COMMON_BLOCKS = YES;
				GCC_WARN_64_TO_32_BIT_CONVERSION = YES;
				GCC_WARN_ABOUT_RETURN_TYPE = YES_ERROR;
				GCC_WARN_UNDECLARED_SELECTOR = YES;
				GCC_WARN_UNINITIALIZED_AUTOS = YES_AGGRESSIVE;
				GCC_WARN_UNUSED_FUNCTION = YES;
				GCC_WARN_UNUSED_VARIABLE = YES;
				IPHONEOS_DEPLOYMENT_TARGET = 16.1;
				MTL_ENABLE_DEBUG_INFO = NO;
				MTL_FAST_MATH = YES;
				SDKROOT = iphoneos;
				SWIFT_COMPILATION_MODE = wholemodule;
				SWIFT_OPTIMIZATION_LEVEL = "-O";
				VALIDATE_PRODUCT = YES;
			};
			name = Release;
		};
		3E976BA6291A3DD700730339 /* Debug */ = {
			isa = XCBuildConfiguration;
			buildSettings = {
				ASSETCATALOG_COMPILER_APPICON_NAME = AppIcon;
				ASSETCATALOG_COMPILER_GLOBAL_ACCENT_COLOR_NAME = AccentColor;
				CODE_SIGN_STYLE = Automatic;
				CURRENT_PROJECT_VERSION = 1;
				DEVELOPMENT_ASSET_PATHS = "\"Fruits/Preview Content\"";
				ENABLE_PREVIEWS = YES;
				GENERATE_INFOPLIST_FILE = YES;
				INFOPLIST_FILE = Fruits/info.plist;
				INFOPLIST_KEY_UIApplicationSceneManifest_Generation = YES;
				INFOPLIST_KEY_UIApplicationSupportsIndirectInputEvents = YES;
				INFOPLIST_KEY_UILaunchScreen_Generation = YES;
				INFOPLIST_KEY_UISupportedInterfaceOrientations = UIInterfaceOrientationPortrait;
				INFOPLIST_KEY_UISupportedInterfaceOrientations_iPad = "UIInterfaceOrientationLandscapeLeft UIInterfaceOrientationLandscapeRight UIInterfaceOrientationPortrait UIInterfaceOrientationPortraitUpsideDown";
				LD_RUNPATH_SEARCH_PATHS = (
					"$(inherited)",
					"@executable_path/Frameworks",
				);
				MARKETING_VERSION = 1.0;
				PRODUCT_BUNDLE_IDENTIFIER = mena.Fruits;
				PRODUCT_NAME = "$(TARGET_NAME)";
				SWIFT_EMIT_LOC_STRINGS = YES;
				SWIFT_VERSION = 5.0;
				TARGETED_DEVICE_FAMILY = "1,2";
			};
			name = Debug;
		};
		3E976BA7291A3DD700730339 /* Release */ = {
			isa = XCBuildConfiguration;
			buildSettings = {
				ASSETCATALOG_COMPILER_APPICON_NAME = AppIcon;
				ASSETCATALOG_COMPILER_GLOBAL_ACCENT_COLOR_NAME = AccentColor;
				CODE_SIGN_STYLE = Automatic;
				CURRENT_PROJECT_VERSION = 1;
				DEVELOPMENT_ASSET_PATHS = "\"Fruits/Preview Content\"";
				ENABLE_PREVIEWS = YES;
				GENERATE_INFOPLIST_FILE = YES;
				INFOPLIST_FILE = Fruits/info.plist;
				INFOPLIST_KEY_UIApplicationSceneManifest_Generation = YES;
				INFOPLIST_KEY_UIApplicationSupportsIndirectInputEvents = YES;
				INFOPLIST_KEY_UILaunchScreen_Generation = YES;
				INFOPLIST_KEY_UISupportedInterfaceOrientations = UIInterfaceOrientationPortrait;
				INFOPLIST_KEY_UISupportedInterfaceOrientations_iPad = "UIInterfaceOrientationLandscapeLeft UIInterfaceOrientationLandscapeRight UIInterfaceOrientationPortrait UIInterfaceOrientationPortraitUpsideDown";
				LD_RUNPATH_SEARCH_PATHS = (
					"$(inherited)",
					"@executable_path/Frameworks",
				);
				MARKETING_VERSION = 1.0;
				PRODUCT_BUNDLE_IDENTIFIER = mena.Fruits;
				PRODUCT_NAME = "$(TARGET_NAME)";
				SWIFT_EMIT_LOC_STRINGS = YES;
				SWIFT_VERSION = 5.0;
				TARGETED_DEVICE_FAMILY = "1,2";
			};
			name = Release;
		};
/* End XCBuildConfiguration section */

/* Begin XCConfigurationList section */
		3E976B92291A3DD500730339 /* Build configuration list for PBXProject "Fruits" */ = {
			isa = XCConfigurationList;
			buildConfigurations = (
				3E976BA3291A3DD700730339 /* Debug */,
				3E976BA4291A3DD700730339 /* Release */,
			);
			defaultConfigurationIsVisible = 0;
			defaultConfigurationName = Release;
		};
		3E976BA5291A3DD700730339 /* Build configuration list for PBXNativeTarget "Fruits" */ = {
			isa = XCConfigurationList;
			buildConfigurations = (
				3E976BA6291A3DD700730339 /* Debug */,
				3E976BA7291A3DD700730339 /* Release */,
			);
			defaultConfigurationIsVisible = 0;
			defaultConfigurationName = Release;
		};
/* End XCConfigurationList section */
	};
	rootObject = 3E976B8F291A3DD500730339 /* Project object */;
}
